
Microsoft Visual Studio Solution File, Format Version 12.00
# Visual Studio Version 17
VisualStudioVersion = 17.7.34202.233
MinimumVisualStudioVersion = 10.0.40219.1
Project("{FAE04EC0-301F-11D3-BF4B-00C04F79EFBC}") = "Sestek3", "Sestek3.csproj", "{7E741914-9099-418C-8031-1E38988F41BF}"
EndProject
Global
	GlobalSection(SolutionConfigurationPlatforms) = preSolution
		Debug|Any CPU = Debug|Any CPU
		Release|Any CPU = Release|Any CPU
	EndGlobalSection
	GlobalSection(ProjectConfigurationPlatforms) = postSolution
		{7E741914-9099-418C-8031-1E38988F41BF}.Debug|Any CPU.ActiveCfg = Debug|Any CPU
		{7E741914-9099-418C-8031-1E38988F41BF}.Debug|Any CPU.Build.0 = Debug|Any CPU
		{7E741914-9099-418C-8031-1E38988F41BF}.Release|Any CPU.ActiveCfg = Release|Any CPU
		{7E741914-9099-418C-8031-1E38988F41BF}.Release|Any CPU.Build.0 = Release|Any CPU
	EndGlobalSection
	GlobalSection(SolutionProperties) = preSolution
		HideSolutionNode = FALSE
	EndGlobalSection
	GlobalSection(ExtensibilityGlobals) = postSolution
		SolutionGuid = {700C4472-AB04-449D-A8D5-1260F990B8BB}
	EndGlobalSection
EndGlobal
